
Microsoft Visual Studio Solution File, Format Version 12.00
# Visual Studio 15
VisualStudioVersion = 15.0.27130.2036
MinimumVisualStudioVersion = 10.0.40219.1
Project("{F2A71F9B-5D33-465A-A702-920D77279786}") = "EulerProject", "EulerProject\EulerProject.fsproj", "{130379A5-E68A-41AE-99A3-500BABED156B}"
EndProject
Global
	GlobalSection(SolutionConfigurationPlatforms) = preSolution
		Debug|Any CPU = Debug|Any CPU
		Release|Any CPU = Release|Any CPU
	EndGlobalSection
	GlobalSection(ProjectConfigurationPlatforms) = postSolution
		{130379A5-E68A-41AE-99A3-500BABED156B}.Debug|Any CPU.ActiveCfg = Debug|Any CPU
		{130379A5-E68A-41AE-99A3-500BABED156B}.Debug|Any CPU.Build.0 = Debug|Any CPU
		{130379A5-E68A-41AE-99A3-500BABED156B}.Release|Any CPU.ActiveCfg = Release|Any CPU
		{130379A5-E68A-41AE-99A3-500BABED156B}.Release|Any CPU.Build.0 = Release|Any CPU
	EndGlobalSection
	GlobalSection(SolutionProperties) = preSolution
		HideSolutionNode = FALSE
	EndGlobalSection
	GlobalSection(ExtensibilityGlobals) = postSolution
		SolutionGuid = {FD77E661-0B39-4D7D-BC49-21A364C9465B}
	EndGlobalSection
EndGlobal
